
Microsoft Visual Studio Solution File, Format Version 12.00
# Visual Studio Version 16
VisualStudioVersion = 16.0.31005.135
MinimumVisualStudioVersion = 10.0.40219.1
Project("{9A19103F-16F7-4668-BE54-9A1E7A4F7556}") = "DataRetrieve", "DataRetrieve\DataRetrieve.csproj", "{ADFA5E19-E2C8-4EDB-BDE2-C9771489D471}"
EndProject
Project("{9A19103F-16F7-4668-BE54-9A1E7A4F7556}") = "DataRetrieveTest", "DataRetrieveTest\DataRetrieveTest.csproj", "{FB395129-57F6-4EE6-A67C-CAF75587BEF1}"
EndProject
Global
	GlobalSection(SolutionConfigurationPlatforms) = preSolution
		Debug|Any CPU = Debug|Any CPU
		Release|Any CPU = Release|Any CPU
	EndGlobalSection
	GlobalSection(ProjectConfigurationPlatforms) = postSolution
		{ADFA5E19-E2C8-4EDB-BDE2-C9771489D471}.Debug|Any CPU.ActiveCfg = Debug|Any CPU
		{ADFA5E19-E2C8-4EDB-BDE2-C9771489D471}.Debug|Any CPU.Build.0 = Debug|Any CPU
		{ADFA5E19-E2C8-4EDB-BDE2-C9771489D471}.Release|Any CPU.ActiveCfg = Release|Any CPU
		{ADFA5E19-E2C8-4EDB-BDE2-C9771489D471}.Release|Any CPU.Build.0 = Release|Any CPU
		{FB395129-57F6-4EE6-A67C-CAF75587BEF1}.Debug|Any CPU.ActiveCfg = Debug|Any CPU
		{FB395129-57F6-4EE6-A67C-CAF75587BEF1}.Debug|Any CPU.Build.0 = Debug|Any CPU
		{FB395129-57F6-4EE6-A67C-CAF75587BEF1}.Release|Any CPU.ActiveCfg = Release|Any CPU
		{FB395129-57F6-4EE6-A67C-CAF75587BEF1}.Release|Any CPU.Build.0 = Release|Any CPU
	EndGlobalSection
	GlobalSection(SolutionProperties) = preSolution
		HideSolutionNode = FALSE
	EndGlobalSection
	GlobalSection(ExtensibilityGlobals) = postSolution
		SolutionGuid = {F1C9F076-23A5-499F-A94B-3728E8EED53C}
	EndGlobalSection
EndGlobal
